
Microsoft Visual Studio Solution File, Format Version 12.00
# Visual Studio Version 17
VisualStudioVersion = 17.7.34018.315
MinimumVisualStudioVersion = 10.0.40219.1
Project("{FAE04EC0-301F-11D3-BF4B-00C04F79EFBC}") = "Practice_01_1", "Practice_1\Practice_01_1.csproj", "{1E8F5F5E-5AB1-48E6-B6F1-EBCD9DDA6F77}"
EndProject
Project("{FAE04EC0-301F-11D3-BF4B-00C04F79EFBC}") = "Practice_01_2", "Practice_1.2\Practice_01_2.csproj", "{757E202A-EAFD-4A47-8E74-2CC8A20C78F1}"
EndProject
Project("{FAE04EC0-301F-11D3-BF4B-00C04F79EFBC}") = "Practice_02_1", "Practice_2_1\Practice_02_1.csproj", "{9AF18B56-FA6E-49D3-93BC-A04CB888552A}"
EndProject
Project("{FAE04EC0-301F-11D3-BF4B-00C04F79EFBC}") = "Practice_03_1", "Practice_3_1\Practice_03_1.csproj", "{5867C936-2A55-4BA3-AF86-D6645F30E08D}"
EndProject
Project("{2150E333-8FDC-42A3-9474-1A3956D46DE8}") = "Practice_03", "Practice_03", "{4545D911-BA13-4FD1-A5FD-6DB76E1184CC}"
EndProject
Project("{2150E333-8FDC-42A3-9474-1A3956D46DE8}") = "Practice_01", "Practice_01", "{F2A9FCAF-58AD-4D75-8F43-6BB939CB9936}"
EndProject
Project("{2150E333-8FDC-42A3-9474-1A3956D46DE8}") = "Practice_02", "Practice_02", "{035EF94D-2A77-4C8D-97A4-D5CBEE5CA574}"
EndProject
Project("{FAE04EC0-301F-11D3-BF4B-00C04F79EFBC}") = "Practice_03_2", "Practice_3_2\Practice_03_2.csproj", "{35017AAC-7647-45CF-B593-24244725FD48}"
EndProject
Project("{FAE04EC0-301F-11D3-BF4B-00C04F79EFBC}") = "Practice_03_3", "Practice_3_3\Practice_03_3.csproj", "{F6C2C67E-290B-4B36-8244-26A89166B4F7}"
EndProject
Project("{FAE04EC0-301F-11D3-BF4B-00C04F79EFBC}") = "Practice_03_4", "Practice_3_4\Practice_03_4.csproj", "{B2B6ABE5-AAD9-4174-9DE9-1C407F3DE6E0}"
EndProject
Project("{FAE04EC0-301F-11D3-BF4B-00C04F79EFBC}") = "Practice_03_5", "Practice_3_5\Practice_03_5.csproj", "{8EEEED16-22D6-463B-B9B2-1907E27906F0}"
EndProject
Project("{2150E333-8FDC-42A3-9474-1A3956D46DE8}") = "Practice_04_Arrays", "Practice_04_Arrays", "{146D9055-A1B3-4B0E-B8A5-AB5261F4795E}"
EndProject
Project("{FAE04EC0-301F-11D3-BF4B-00C04F79EFBC}") = "Practice_04_1", "Practice_4_1\Practice_04_1.csproj", "{FE83937C-D39F-4AB2-A822-A8C2CB4A0B17}"
EndProject
Project("{FAE04EC0-301F-11D3-BF4B-00C04F79EFBC}") = "Practice_04_2", "Practice_4_2\Practice_04_2.csproj", "{4FBBF89B-0F7A-4389-BB17-1B4A54A78675}"
EndProject
Project("{2150E333-8FDC-42A3-9474-1A3956D46DE8}") = "Practice_05_Methods", "Practice_05_Methods", "{4249AD36-DBBC-4803-9E66-403D412AB65D}"
EndProject
Project("{FAE04EC0-301F-11D3-BF4B-00C04F79EFBC}") = "Practice_05_1", "Practice_5_1\Practice_05_1.csproj", "{447E9CA9-4A15-4B44-A2EC-E4A34F288216}"
EndProject
Project("{FAE04EC0-301F-11D3-BF4B-00C04F79EFBC}") = "Practice_05_2", "Practice_5_2\Practice_05_2.csproj", "{3B044DC0-64AB-4A1B-946E-5323A316B713}"
EndProject
Project("{2150E333-8FDC-42A3-9474-1A3956D46DE8}") = "Practice_06_Files", "Practice_06_Files", "{E3F61AB7-C6C7-40E0-90E8-9AA7E8AA0B82}"
EndProject
Project("{FAE04EC0-301F-11D3-BF4B-00C04F79EFBC}") = "Practice_06_1_Files", "Practice_6_1\Practice_06_1_Files.csproj", "{C6199F67-BAB8-4182-9428-E45C31D17BDF}"
EndProject
Project("{FAE04EC0-301F-11D3-BF4B-00C04F79EFBC}") = "Practice_07_1_Structures", "Practice_7_1\Practice_07_1_Structures.csproj", "{B44614C4-8E0D-43A8-9F3D-E64CBFE0237E}"
EndProject
Project("{2150E333-8FDC-42A3-9474-1A3956D46DE8}") = "Practice_07", "Practice_07", "{2FCBC73B-7264-47BB-839F-5D9EE7F24A70}"
EndProject
Project("{2150E333-8FDC-42A3-9474-1A3956D46DE8}") = "Practice_08_Collections", "Practice_08_Collections", "{3863C7A0-E72F-4C87-A277-EC908F813F02}"
EndProject
Project("{FAE04EC0-301F-11D3-BF4B-00C04F79EFBC}") = "Practice_08_1_List", "Practice_8_1\Practice_08_1_List.csproj", "{D44DBA84-35C2-4294-983A-FADCDD59FA6D}"
EndProject
Project("{FAE04EC0-301F-11D3-BF4B-00C04F79EFBC}") = "Practice_08_2_Dictionary", "Practice_8_2_Collections\Practice_08_2_Dictionary.csproj", "{A217DDE7-9CEF-4FEC-95FC-D867E9D8AF84}"
EndProject
Project("{FAE04EC0-301F-11D3-BF4B-00C04F79EFBC}") = "Practice_08_3_HashSet", "Practice_8_3\Practice_08_3_HashSet.csproj", "{8F9A4090-9F56-45E6-A8B2-D52EC4EADB5B}"
EndProject
Project("{FAE04EC0-301F-11D3-BF4B-00C04F79EFBC}") = "Practice_08_4_xml", "Practice_8_4\Practice_08_4_xml.csproj", "{E353FA63-2CD3-47BA-A7C6-31410DC2282F}"
EndProject
Project("{2150E333-8FDC-42A3-9474-1A3956D46DE8}") = "Practice_09_WPF", "Practice_09_WPF", "{1A9185E1-CFED-4018-A2A6-9B53C12E40EA}"
EndProject
Project("{FAE04EC0-301F-11D3-BF4B-00C04F79EFBC}") = "Practice_09_1_WPF", "Practice_9_1_WPF\Practice_09_1_WPF.csproj", "{254B729F-2D6F-4350-8574-5A62B1267DDD}"
EndProject
Project("{2150E333-8FDC-42A3-9474-1A3956D46DE8}") = "Practice_10_OOP", "Practice_10_OOP", "{60875D46-4263-4DAA-B988-00E6F8796455}"
EndProject
Project("{FAE04EC0-301F-11D3-BF4B-00C04F79EFBC}") = "Practice_10_1", "Practice_10_1\Practice_10_1.csproj", "{E43E090F-180C-4D0F-8A75-5135FAEBFE7D}"
EndProject
Project("{2150E333-8FDC-42A3-9474-1A3956D46DE8}") = "Practice_12_OOP", "Practice_12_OOP", "{C17D55D9-9512-498E-BA97-1DD6D28C144F}"
EndProject
Project("{FAE04EC0-301F-11D3-BF4B-00C04F79EFBC}") = "Practice_12_1", "Practice_12_1\Practice_12_1.csproj", "{E7DF68B9-9797-4421-AA4B-6B2D8953045F}"
EndProject
Project("{FAE04EC0-301F-11D3-BF4B-00C04F79EFBC}") = "Practice_12_1_BankAccounts", "Practice_12_1_BankAccounts\Practice_12_1_BankAccounts.csproj", "{A563B1AA-F5C6-4031-BDA5-0071E99C6A1D}"
EndProject
Project("{FAE04EC0-301F-11D3-BF4B-00C04F79EFBC}") = "Practice_14_1_Exceptions", "Practice_14_1_Exceptions\Practice_14_1_Exceptions.csproj", "{D7F9B1FF-2512-4B97-828D-CACE95DCD647}"
EndProject
Project("{2150E333-8FDC-42A3-9474-1A3956D46DE8}") = "Practice_15_Threading", "Practice_15_Threading", "{8A0C8AB7-93EC-458D-A008-854B78CCCDD6}"
EndProject
Project("{FAE04EC0-301F-11D3-BF4B-00C04F79EFBC}") = "Practice_15_1", "Practice_15_1\Practice_15_1.csproj", "{63AF6078-F9A3-45DB-9C0E-CA8B0084429B}"
EndProject
Project("{FAE04EC0-301F-11D3-BF4B-00C04F79EFBC}") = "Practice_16_1_ADO", "Practice_16_ADO\Practice_16_1_ADO.csproj", "{8F088B47-A12A-41DC-856F-7EFDE950D22D}"
EndProject
Project("{2150E333-8FDC-42A3-9474-1A3956D46DE8}") = "Practice_16_ADO", "Practice_16_ADO", "{0EE4AED7-2715-49EB-B614-E278068C8824}"
EndProject
Project("{2150E333-8FDC-42A3-9474-1A3956D46DE8}") = "Practice_17_Entity", "Practice_17_Entity", "{31FCEBBD-DB99-4D72-8B3E-9FA11BB8194D}"
EndProject
Project("{9A19103F-16F7-4668-BE54-9A1E7A4F7556}") = "Practice_17_Entity", "Practice_17_Entity\Practice_17_Entity.csproj", "{F7662EA8-4668-4C05-9855-2270B54E6B61}"
EndProject
Project("{2150E333-8FDC-42A3-9474-1A3956D46DE8}") = "Practice_18_Patterns", "Practice_18_Patterns", "{35D4DAE4-3531-4C5F-9158-3C44208AC014}"
EndProject
Project("{9A19103F-16F7-4668-BE54-9A1E7A4F7556}") = "Practice_18_Patterns", "Practice_18_Patterns\Practice_18_Patterns.csproj", "{54059405-09B0-4B07-A9DE-ECD489531B43}"
EndProject
Project("{2150E333-8FDC-42A3-9474-1A3956D46DE8}") = "Practice_19_ASP", "Practice_19_ASP", "{FE7DE47B-F68C-440D-9AEA-469E5CB3FD39}"
EndProject
Project("{9A19103F-16F7-4668-BE54-9A1E7A4F7556}") = "Practice_19_ASP", "Practice_19_ASP\Practice_19_ASP.csproj", "{888E6FA2-C183-4FD1-BDC1-9605079A7DC5}"
EndProject
Project("{FAE04EC0-301F-11D3-BF4B-00C04F79EFBC}") = "Practice_21_ASP_API", "Practice_21_ASP_API\Practice_21_ASP_API.csproj", "{77F5EF7C-C55E-49FB-A15D-BB1C80CFEAB3}"
EndProject
Global
	GlobalSection(SolutionConfigurationPlatforms) = preSolution
		Debug|Any CPU = Debug|Any CPU
		Release|Any CPU = Release|Any CPU
	EndGlobalSection
	GlobalSection(ProjectConfigurationPlatforms) = postSolution
		{1E8F5F5E-5AB1-48E6-B6F1-EBCD9DDA6F77}.Debug|Any CPU.ActiveCfg = Debug|Any CPU
		{1E8F5F5E-5AB1-48E6-B6F1-EBCD9DDA6F77}.Debug|Any CPU.Build.0 = Debug|Any CPU
		{1E8F5F5E-5AB1-48E6-B6F1-EBCD9DDA6F77}.Release|Any CPU.ActiveCfg = Release|Any CPU
		{1E8F5F5E-5AB1-48E6-B6F1-EBCD9DDA6F77}.Release|Any CPU.Build.0 = Release|Any CPU
		{757E202A-EAFD-4A47-8E74-2CC8A20C78F1}.Debug|Any CPU.ActiveCfg = Debug|Any CPU
		{757E202A-EAFD-4A47-8E74-2CC8A20C78F1}.Debug|Any CPU.Build.0 = Debug|Any CPU
		{757E202A-EAFD-4A47-8E74-2CC8A20C78F1}.Release|Any CPU.ActiveCfg = Release|Any CPU
		{757E202A-EAFD-4A47-8E74-2CC8A20C78F1}.Release|Any CPU.Build.0 = Release|Any CPU
		{9AF18B56-FA6E-49D3-93BC-A04CB888552A}.Debug|Any CPU.ActiveCfg = Debug|Any CPU
		{9AF18B56-FA6E-49D3-93BC-A04CB888552A}.Debug|Any CPU.Build.0 = Debug|Any CPU
		{9AF18B56-FA6E-49D3-93BC-A04CB888552A}.Release|Any CPU.ActiveCfg = Release|Any CPU
		{9AF18B56-FA6E-49D3-93BC-A04CB888552A}.Release|Any CPU.Build.0 = Release|Any CPU
		{5867C936-2A55-4BA3-AF86-D6645F30E08D}.Debug|Any CPU.ActiveCfg = Debug|Any CPU
		{5867C936-2A55-4BA3-AF86-D6645F30E08D}.Debug|Any CPU.Build.0 = Debug|Any CPU
		{5867C936-2A55-4BA3-AF86-D6645F30E08D}.Release|Any CPU.ActiveCfg = Release|Any CPU
		{5867C936-2A55-4BA3-AF86-D6645F30E08D}.Release|Any CPU.Build.0 = Release|Any CPU
		{35017AAC-7647-45CF-B593-24244725FD48}.Debug|Any CPU.ActiveCfg = Debug|Any CPU
		{35017AAC-7647-45CF-B593-24244725FD48}.Debug|Any CPU.Build.0 = Debug|Any CPU
		{35017AAC-7647-45CF-B593-24244725FD48}.Release|Any CPU.ActiveCfg = Release|Any CPU
		{35017AAC-7647-45CF-B593-24244725FD48}.Release|Any CPU.Build.0 = Release|Any CPU
		{F6C2C67E-290B-4B36-8244-26A89166B4F7}.Debug|Any CPU.ActiveCfg = Debug|Any CPU
		{F6C2C67E-290B-4B36-8244-26A89166B4F7}.Debug|Any CPU.Build.0 = Debug|Any CPU
		{F6C2C67E-290B-4B36-8244-26A89166B4F7}.Release|Any CPU.ActiveCfg = Release|Any CPU
		{F6C2C67E-290B-4B36-8244-26A89166B4F7}.Release|Any CPU.Build.0 = Release|Any CPU
		{B2B6ABE5-AAD9-4174-9DE9-1C407F3DE6E0}.Debug|Any CPU.ActiveCfg = Debug|Any CPU
		{B2B6ABE5-AAD9-4174-9DE9-1C407F3DE6E0}.Debug|Any CPU.Build.0 = Debug|Any CPU
		{B2B6ABE5-AAD9-4174-9DE9-1C407F3DE6E0}.Release|Any CPU.ActiveCfg = Release|Any CPU
		{B2B6ABE5-AAD9-4174-9DE9-1C407F3DE6E0}.Release|Any CPU.Build.0 = Release|Any CPU
		{8EEEED16-22D6-463B-B9B2-1907E27906F0}.Debug|Any CPU.ActiveCfg = Debug|Any CPU
		{8EEEED16-22D6-463B-B9B2-1907E27906F0}.Debug|Any CPU.Build.0 = Debug|Any CPU
		{8EEEED16-22D6-463B-B9B2-1907E27906F0}.Release|Any CPU.ActiveCfg = Release|Any CPU
		{8EEEED16-22D6-463B-B9B2-1907E27906F0}.Release|Any CPU.Build.0 = Release|Any CPU
		{FE83937C-D39F-4AB2-A822-A8C2CB4A0B17}.Debug|Any CPU.ActiveCfg = Debug|Any CPU
		{FE83937C-D39F-4AB2-A822-A8C2CB4A0B17}.Debug|Any CPU.Build.0 = Debug|Any CPU
		{FE83937C-D39F-4AB2-A822-A8C2CB4A0B17}.Release|Any CPU.ActiveCfg = Release|Any CPU
		{FE83937C-D39F-4AB2-A822-A8C2CB4A0B17}.Release|Any CPU.Build.0 = Release|Any CPU
		{4FBBF89B-0F7A-4389-BB17-1B4A54A78675}.Debug|Any CPU.ActiveCfg = Debug|Any CPU
		{4FBBF89B-0F7A-4389-BB17-1B4A54A78675}.Debug|Any CPU.Build.0 = Debug|Any CPU
		{4FBBF89B-0F7A-4389-BB17-1B4A54A78675}.Release|Any CPU.ActiveCfg = Release|Any CPU
		{4FBBF89B-0F7A-4389-BB17-1B4A54A78675}.Release|Any CPU.Build.0 = Release|Any CPU
		{447E9CA9-4A15-4B44-A2EC-E4A34F288216}.Debug|Any CPU.ActiveCfg = Debug|Any CPU
		{447E9CA9-4A15-4B44-A2EC-E4A34F288216}.Debug|Any CPU.Build.0 = Debug|Any CPU
		{447E9CA9-4A15-4B44-A2EC-E4A34F288216}.Release|Any CPU.ActiveCfg = Release|Any CPU
		{447E9CA9-4A15-4B44-A2EC-E4A34F288216}.Release|Any CPU.Build.0 = Release|Any CPU
		{3B044DC0-64AB-4A1B-946E-5323A316B713}.Debug|Any CPU.ActiveCfg = Debug|Any CPU
		{3B044DC0-64AB-4A1B-946E-5323A316B713}.Debug|Any CPU.Build.0 = Debug|Any CPU
		{3B044DC0-64AB-4A1B-946E-5323A316B713}.Release|Any CPU.ActiveCfg = Release|Any CPU
		{3B044DC0-64AB-4A1B-946E-5323A316B713}.Release|Any CPU.Build.0 = Release|Any CPU
		{C6199F67-BAB8-4182-9428-E45C31D17BDF}.Debug|Any CPU.ActiveCfg = Debug|Any CPU
		{C6199F67-BAB8-4182-9428-E45C31D17BDF}.Debug|Any CPU.Build.0 = Debug|Any CPU
		{C6199F67-BAB8-4182-9428-E45C31D17BDF}.Release|Any CPU.ActiveCfg = Release|Any CPU
		{C6199F67-BAB8-4182-9428-E45C31D17BDF}.Release|Any CPU.Build.0 = Release|Any CPU
		{B44614C4-8E0D-43A8-9F3D-E64CBFE0237E}.Debug|Any CPU.ActiveCfg = Debug|Any CPU
		{B44614C4-8E0D-43A8-9F3D-E64CBFE0237E}.Debug|Any CPU.Build.0 = Debug|Any CPU
		{B44614C4-8E0D-43A8-9F3D-E64CBFE0237E}.Release|Any CPU.ActiveCfg = Release|Any CPU
		{B44614C4-8E0D-43A8-9F3D-E64CBFE0237E}.Release|Any CPU.Build.0 = Release|Any CPU
		{D44DBA84-35C2-4294-983A-FADCDD59FA6D}.Debug|Any CPU.ActiveCfg = Debug|Any CPU
		{D44DBA84-35C2-4294-983A-FADCDD59FA6D}.Debug|Any CPU.Build.0 = Debug|Any CPU
		{D44DBA84-35C2-4294-983A-FADCDD59FA6D}.Release|Any CPU.ActiveCfg = Release|Any CPU
		{D44DBA84-35C2-4294-983A-FADCDD59FA6D}.Release|Any CPU.Build.0 = Release|Any CPU
		{A217DDE7-9CEF-4FEC-95FC-D867E9D8AF84}.Debug|Any CPU.ActiveCfg = Debug|Any CPU
		{A217DDE7-9CEF-4FEC-95FC-D867E9D8AF84}.Debug|Any CPU.Build.0 = Debug|Any CPU
		{A217DDE7-9CEF-4FEC-95FC-D867E9D8AF84}.Release|Any CPU.ActiveCfg = Release|Any CPU
		{A217DDE7-9CEF-4FEC-95FC-D867E9D8AF84}.Release|Any CPU.Build.0 = Release|Any CPU
		{8F9A4090-9F56-45E6-A8B2-D52EC4EADB5B}.Debug|Any CPU.ActiveCfg = Debug|Any CPU
		{8F9A4090-9F56-45E6-A8B2-D52EC4EADB5B}.Debug|Any CPU.Build.0 = Debug|Any CPU
		{8F9A4090-9F56-45E6-A8B2-D52EC4EADB5B}.Release|Any CPU.ActiveCfg = Release|Any CPU
		{8F9A4090-9F56-45E6-A8B2-D52EC4EADB5B}.Release|Any CPU.Build.0 = Release|Any CPU
		{E353FA63-2CD3-47BA-A7C6-31410DC2282F}.Debug|Any CPU.ActiveCfg = Debug|Any CPU
		{E353FA63-2CD3-47BA-A7C6-31410DC2282F}.Debug|Any CPU.Build.0 = Debug|Any CPU
		{E353FA63-2CD3-47BA-A7C6-31410DC2282F}.Release|Any CPU.ActiveCfg = Release|Any CPU
		{E353FA63-2CD3-47BA-A7C6-31410DC2282F}.Release|Any CPU.Build.0 = Release|Any CPU
		{254B729F-2D6F-4350-8574-5A62B1267DDD}.Debug|Any CPU.ActiveCfg = Debug|Any CPU
		{254B729F-2D6F-4350-8574-5A62B1267DDD}.Debug|Any CPU.Build.0 = Debug|Any CPU
		{254B729F-2D6F-4350-8574-5A62B1267DDD}.Release|Any CPU.ActiveCfg = Release|Any CPU
		{254B729F-2D6F-4350-8574-5A62B1267DDD}.Release|Any CPU.Build.0 = Release|Any CPU
		{E43E090F-180C-4D0F-8A75-5135FAEBFE7D}.Debug|Any CPU.ActiveCfg = Debug|Any CPU
		{E43E090F-180C-4D0F-8A75-5135FAEBFE7D}.Debug|Any CPU.Build.0 = Debug|Any CPU
		{E43E090F-180C-4D0F-8A75-5135FAEBFE7D}.Release|Any CPU.ActiveCfg = Release|Any CPU
		{E43E090F-180C-4D0F-8A75-5135FAEBFE7D}.Release|Any CPU.Build.0 = Release|Any CPU
		{E7DF68B9-9797-4421-AA4B-6B2D8953045F}.Debug|Any CPU.ActiveCfg = Debug|Any CPU
		{E7DF68B9-9797-4421-AA4B-6B2D8953045F}.Debug|Any CPU.Build.0 = Debug|Any CPU
		{E7DF68B9-9797-4421-AA4B-6B2D8953045F}.Release|Any CPU.ActiveCfg = Release|Any CPU
		{E7DF68B9-9797-4421-AA4B-6B2D8953045F}.Release|Any CPU.Build.0 = Release|Any CPU
		{A563B1AA-F5C6-4031-BDA5-0071E99C6A1D}.Debug|Any CPU.ActiveCfg = Debug|Any CPU
		{A563B1AA-F5C6-4031-BDA5-0071E99C6A1D}.Debug|Any CPU.Build.0 = Debug|Any CPU
		{A563B1AA-F5C6-4031-BDA5-0071E99C6A1D}.Release|Any CPU.ActiveCfg = Release|Any CPU
		{A563B1AA-F5C6-4031-BDA5-0071E99C6A1D}.Release|Any CPU.Build.0 = Release|Any CPU
		{D7F9B1FF-2512-4B97-828D-CACE95DCD647}.Debug|Any CPU.ActiveCfg = Debug|Any CPU
		{D7F9B1FF-2512-4B97-828D-CACE95DCD647}.Debug|Any CPU.Build.0 = Debug|Any CPU
		{D7F9B1FF-2512-4B97-828D-CACE95DCD647}.Release|Any CPU.ActiveCfg = Release|Any CPU
		{D7F9B1FF-2512-4B97-828D-CACE95DCD647}.Release|Any CPU.Build.0 = Release|Any CPU
		{63AF6078-F9A3-45DB-9C0E-CA8B0084429B}.Debug|Any CPU.ActiveCfg = Debug|Any CPU
		{63AF6078-F9A3-45DB-9C0E-CA8B0084429B}.Debug|Any CPU.Build.0 = Debug|Any CPU
		{63AF6078-F9A3-45DB-9C0E-CA8B0084429B}.Release|Any CPU.ActiveCfg = Release|Any CPU
		{63AF6078-F9A3-45DB-9C0E-CA8B0084429B}.Release|Any CPU.Build.0 = Release|Any CPU
		{8F088B47-A12A-41DC-856F-7EFDE950D22D}.Debug|Any CPU.ActiveCfg = Debug|Any CPU
		{8F088B47-A12A-41DC-856F-7EFDE950D22D}.Debug|Any CPU.Build.0 = Debug|Any CPU
		{8F088B47-A12A-41DC-856F-7EFDE950D22D}.Release|Any CPU.ActiveCfg = Release|Any CPU
		{8F088B47-A12A-41DC-856F-7EFDE950D22D}.Release|Any CPU.Build.0 = Release|Any CPU
		{F7662EA8-4668-4C05-9855-2270B54E6B61}.Debug|Any CPU.ActiveCfg = Debug|Any CPU
		{F7662EA8-4668-4C05-9855-2270B54E6B61}.Debug|Any CPU.Build.0 = Debug|Any CPU
		{F7662EA8-4668-4C05-9855-2270B54E6B61}.Release|Any CPU.ActiveCfg = Release|Any CPU
		{F7662EA8-4668-4C05-9855-2270B54E6B61}.Release|Any CPU.Build.0 = Release|Any CPU
		{54059405-09B0-4B07-A9DE-ECD489531B43}.Debug|Any CPU.ActiveCfg = Debug|Any CPU
		{54059405-09B0-4B07-A9DE-ECD489531B43}.Debug|Any CPU.Build.0 = Debug|Any CPU
		{54059405-09B0-4B07-A9DE-ECD489531B43}.Release|Any CPU.ActiveCfg = Release|Any CPU
		{54059405-09B0-4B07-A9DE-ECD489531B43}.Release|Any CPU.Build.0 = Release|Any CPU
		{888E6FA2-C183-4FD1-BDC1-9605079A7DC5}.Debug|Any CPU.ActiveCfg = Debug|Any CPU
		{888E6FA2-C183-4FD1-BDC1-9605079A7DC5}.Debug|Any CPU.Build.0 = Debug|Any CPU
		{888E6FA2-C183-4FD1-BDC1-9605079A7DC5}.Release|Any CPU.ActiveCfg = Release|Any CPU
		{888E6FA2-C183-4FD1-BDC1-9605079A7DC5}.Release|Any CPU.Build.0 = Release|Any CPU
		{77F5EF7C-C55E-49FB-A15D-BB1C80CFEAB3}.Debug|Any CPU.ActiveCfg = Debug|Any CPU
		{77F5EF7C-C55E-49FB-A15D-BB1C80CFEAB3}.Debug|Any CPU.Build.0 = Debug|Any CPU
		{77F5EF7C-C55E-49FB-A15D-BB1C80CFEAB3}.Release|Any CPU.ActiveCfg = Release|Any CPU
		{77F5EF7C-C55E-49FB-A15D-BB1C80CFEAB3}.Release|Any CPU.Build.0 = Release|Any CPU
	EndGlobalSection
	GlobalSection(SolutionProperties) = preSolution
		HideSolutionNode = FALSE
	EndGlobalSection
	GlobalSection(NestedProjects) = preSolution
		{1E8F5F5E-5AB1-48E6-B6F1-EBCD9DDA6F77} = {F2A9FCAF-58AD-4D75-8F43-6BB939CB9936}
		{757E202A-EAFD-4A47-8E74-2CC8A20C78F1} = {F2A9FCAF-58AD-4D75-8F43-6BB939CB9936}
		{9AF18B56-FA6E-49D3-93BC-A04CB888552A} = {035EF94D-2A77-4C8D-97A4-D5CBEE5CA574}
		{5867C936-2A55-4BA3-AF86-D6645F30E08D} = {4545D911-BA13-4FD1-A5FD-6DB76E1184CC}
		{35017AAC-7647-45CF-B593-24244725FD48} = {4545D911-BA13-4FD1-A5FD-6DB76E1184CC}
		{F6C2C67E-290B-4B36-8244-26A89166B4F7} = {4545D911-BA13-4FD1-A5FD-6DB76E1184CC}
		{B2B6ABE5-AAD9-4174-9DE9-1C407F3DE6E0} = {4545D911-BA13-4FD1-A5FD-6DB76E1184CC}
		{8EEEED16-22D6-463B-B9B2-1907E27906F0} = {4545D911-BA13-4FD1-A5FD-6DB76E1184CC}
		{FE83937C-D39F-4AB2-A822-A8C2CB4A0B17} = {146D9055-A1B3-4B0E-B8A5-AB5261F4795E}
		{4FBBF89B-0F7A-4389-BB17-1B4A54A78675} = {146D9055-A1B3-4B0E-B8A5-AB5261F4795E}
		{447E9CA9-4A15-4B44-A2EC-E4A34F288216} = {4249AD36-DBBC-4803-9E66-403D412AB65D}
		{3B044DC0-64AB-4A1B-946E-5323A316B713} = {4249AD36-DBBC-4803-9E66-403D412AB65D}
		{C6199F67-BAB8-4182-9428-E45C31D17BDF} = {E3F61AB7-C6C7-40E0-90E8-9AA7E8AA0B82}
		{B44614C4-8E0D-43A8-9F3D-E64CBFE0237E} = {2FCBC73B-7264-47BB-839F-5D9EE7F24A70}
		{D44DBA84-35C2-4294-983A-FADCDD59FA6D} = {3863C7A0-E72F-4C87-A277-EC908F813F02}
		{A217DDE7-9CEF-4FEC-95FC-D867E9D8AF84} = {3863C7A0-E72F-4C87-A277-EC908F813F02}
		{8F9A4090-9F56-45E6-A8B2-D52EC4EADB5B} = {3863C7A0-E72F-4C87-A277-EC908F813F02}
		{E353FA63-2CD3-47BA-A7C6-31410DC2282F} = {3863C7A0-E72F-4C87-A277-EC908F813F02}
		{254B729F-2D6F-4350-8574-5A62B1267DDD} = {1A9185E1-CFED-4018-A2A6-9B53C12E40EA}
		{E43E090F-180C-4D0F-8A75-5135FAEBFE7D} = {60875D46-4263-4DAA-B988-00E6F8796455}
		{E7DF68B9-9797-4421-AA4B-6B2D8953045F} = {C17D55D9-9512-498E-BA97-1DD6D28C144F}
		{A563B1AA-F5C6-4031-BDA5-0071E99C6A1D} = {C17D55D9-9512-498E-BA97-1DD6D28C144F}
		{D7F9B1FF-2512-4B97-828D-CACE95DCD647} = {C17D55D9-9512-498E-BA97-1DD6D28C144F}
		{63AF6078-F9A3-45DB-9C0E-CA8B0084429B} = {8A0C8AB7-93EC-458D-A008-854B78CCCDD6}
		{8F088B47-A12A-41DC-856F-7EFDE950D22D} = {0EE4AED7-2715-49EB-B614-E278068C8824}
		{F7662EA8-4668-4C05-9855-2270B54E6B61} = {31FCEBBD-DB99-4D72-8B3E-9FA11BB8194D}
		{54059405-09B0-4B07-A9DE-ECD489531B43} = {35D4DAE4-3531-4C5F-9158-3C44208AC014}
		{888E6FA2-C183-4FD1-BDC1-9605079A7DC5} = {FE7DE47B-F68C-440D-9AEA-469E5CB3FD39}
	EndGlobalSection
	GlobalSection(ExtensibilityGlobals) = postSolution
		SolutionGuid = {B16CD704-F645-4992-8163-971EF38C6A91}
	EndGlobalSection
EndGlobal
